
Microsoft Visual Studio Solution File, Format Version 12.00
# Visual Studio Version 17
VisualStudioVersion = 17.4.33213.308
MinimumVisualStudioVersion = 10.0.40219.1
Project("{FAE04EC0-301F-11D3-BF4B-00C04F79EFBC}") = "DirectorAPI", "DirectorAPI.csproj", "{EC7EA2E7-A1DE-4EB4-8320-8EB249829E54}"
EndProject
Global
	GlobalSection(SolutionConfigurationPlatforms) = preSolution
		Debug|Any CPU = Debug|Any CPU
		Release|Any CPU = Release|Any CPU
	EndGlobalSection
	GlobalSection(ProjectConfigurationPlatforms) = postSolution
		{EC7EA2E7-A1DE-4EB4-8320-8EB249829E54}.Debug|Any CPU.ActiveCfg = Debug|Any CPU
		{EC7EA2E7-A1DE-4EB4-8320-8EB249829E54}.Debug|Any CPU.Build.0 = Debug|Any CPU
		{EC7EA2E7-A1DE-4EB4-8320-8EB249829E54}.Release|Any CPU.ActiveCfg = Release|Any CPU
		{EC7EA2E7-A1DE-4EB4-8320-8EB249829E54}.Release|Any CPU.Build.0 = Release|Any CPU
	EndGlobalSection
	GlobalSection(SolutionProperties) = preSolution
		HideSolutionNode = FALSE
	EndGlobalSection
	GlobalSection(ExtensibilityGlobals) = postSolution
		SolutionGuid = {DED945CF-2CB8-4794-A91D-F5BAC2A9C0D5}
	EndGlobalSection
EndGlobal
